
Microsoft Visual Studio Solution File, Format Version 12.00
# Visual Studio Version 16
VisualStudioVersion = 16.0.30717.126
MinimumVisualStudioVersion = 15.0.26124.0
Project("{2150E333-8FDC-42A3-9474-1A3956D46DE8}") = "src", "src", "{81B406D4-A7CF-45A7-94D1-5035DD15DE1E}"
EndProject
Project("{FAE04EC0-301F-11D3-BF4B-00C04F79EFBC}") = "Stanton.App", "src\Stanton.App\Stanton.App.csproj", "{3CF1A86C-4716-4AA1-8D4B-C36A590B2E49}"
EndProject
Global
	GlobalSection(SolutionConfigurationPlatforms) = preSolution
		Debug|ARM = Debug|ARM
		Debug|ARM64 = Debug|ARM64
		Debug|x64 = Debug|x64
		Debug|x86 = Debug|x86
		Release|ARM = Release|ARM
		Release|ARM64 = Release|ARM64
		Release|x64 = Release|x64
		Release|x86 = Release|x86
	EndGlobalSection
	GlobalSection(ProjectConfigurationPlatforms) = postSolution
		{3CF1A86C-4716-4AA1-8D4B-C36A590B2E49}.Debug|ARM.ActiveCfg = Debug|ARM
		{3CF1A86C-4716-4AA1-8D4B-C36A590B2E49}.Debug|ARM.Build.0 = Debug|ARM
		{3CF1A86C-4716-4AA1-8D4B-C36A590B2E49}.Debug|ARM.Deploy.0 = Debug|ARM
		{3CF1A86C-4716-4AA1-8D4B-C36A590B2E49}.Debug|ARM64.ActiveCfg = Debug|ARM64
		{3CF1A86C-4716-4AA1-8D4B-C36A590B2E49}.Debug|ARM64.Build.0 = Debug|ARM64
		{3CF1A86C-4716-4AA1-8D4B-C36A590B2E49}.Debug|ARM64.Deploy.0 = Debug|ARM64
		{3CF1A86C-4716-4AA1-8D4B-C36A590B2E49}.Debug|x64.ActiveCfg = Debug|x64
		{3CF1A86C-4716-4AA1-8D4B-C36A590B2E49}.Debug|x64.Build.0 = Debug|x64
		{3CF1A86C-4716-4AA1-8D4B-C36A590B2E49}.Debug|x64.Deploy.0 = Debug|x64
		{3CF1A86C-4716-4AA1-8D4B-C36A590B2E49}.Debug|x86.ActiveCfg = Debug|x86
		{3CF1A86C-4716-4AA1-8D4B-C36A590B2E49}.Debug|x86.Build.0 = Debug|x86
		{3CF1A86C-4716-4AA1-8D4B-C36A590B2E49}.Debug|x86.Deploy.0 = Debug|x86
		{3CF1A86C-4716-4AA1-8D4B-C36A590B2E49}.Release|ARM.ActiveCfg = Release|ARM
		{3CF1A86C-4716-4AA1-8D4B-C36A590B2E49}.Release|ARM.Build.0 = Release|ARM
		{3CF1A86C-4716-4AA1-8D4B-C36A590B2E49}.Release|ARM.Deploy.0 = Release|ARM
		{3CF1A86C-4716-4AA1-8D4B-C36A590B2E49}.Release|ARM64.ActiveCfg = Release|ARM64
		{3CF1A86C-4716-4AA1-8D4B-C36A590B2E49}.Release|ARM64.Build.0 = Release|ARM64
		{3CF1A86C-4716-4AA1-8D4B-C36A590B2E49}.Release|ARM64.Deploy.0 = Release|ARM64
		{3CF1A86C-4716-4AA1-8D4B-C36A590B2E49}.Release|x64.ActiveCfg = Release|x64
		{3CF1A86C-4716-4AA1-8D4B-C36A590B2E49}.Release|x64.Build.0 = Release|x64
		{3CF1A86C-4716-4AA1-8D4B-C36A590B2E49}.Release|x64.Deploy.0 = Release|x64
		{3CF1A86C-4716-4AA1-8D4B-C36A590B2E49}.Release|x86.ActiveCfg = Release|x86
		{3CF1A86C-4716-4AA1-8D4B-C36A590B2E49}.Release|x86.Build.0 = Release|x86
		{3CF1A86C-4716-4AA1-8D4B-C36A590B2E49}.Release|x86.Deploy.0 = Release|x86
	EndGlobalSection
	GlobalSection(SolutionProperties) = preSolution
		HideSolutionNode = FALSE
	EndGlobalSection
	GlobalSection(NestedProjects) = preSolution
		{3CF1A86C-4716-4AA1-8D4B-C36A590B2E49} = {81B406D4-A7CF-45A7-94D1-5035DD15DE1E}
	EndGlobalSection
	GlobalSection(ExtensibilityGlobals) = postSolution
		SolutionGuid = {9431BB28-67E8-4091-9BD4-5B25158C10A5}
	EndGlobalSection
EndGlobal
